
Microsoft Visual Studio Solution File, Format Version 12.00
# Visual Studio 2013
VisualStudioVersion = 12.0.21005.1
MinimumVisualStudioVersion = 10.0.40219.1
Project("{FAE04EC0-301F-11D3-BF4B-00C04F79EFBC}") = "SLED", "SLED\SLED.csproj", "{503B2A3B-F26A-459C-BF0B-EDBF84257296}"
EndProject
Project("{FAE04EC0-301F-11D3-BF4B-00C04F79EFBC}") = "SLedComm", "SLedComm\SLedComm.csproj", "{00B1A40F-81E1-4C84-8345-5425B0C3FD5F}"
EndProject
Project("{FAE04EC0-301F-11D3-BF4B-00C04F79EFBC}") = "SLedCommExample", "SLedCommExample\SLedCommExample.csproj", "{4A3B37A6-A492-4381-BFDA-4B456CE58A5A}"
EndProject
Global
	GlobalSection(SolutionConfigurationPlatforms) = preSolution
		Debug|Any CPU = Debug|Any CPU
		Release|Any CPU = Release|Any CPU
	EndGlobalSection
	GlobalSection(ProjectConfigurationPlatforms) = postSolution
		{503B2A3B-F26A-459C-BF0B-EDBF84257296}.Debug|Any CPU.ActiveCfg = Debug|Any CPU
		{503B2A3B-F26A-459C-BF0B-EDBF84257296}.Debug|Any CPU.Build.0 = Debug|Any CPU
		{503B2A3B-F26A-459C-BF0B-EDBF84257296}.Release|Any CPU.ActiveCfg = Release|Any CPU
		{503B2A3B-F26A-459C-BF0B-EDBF84257296}.Release|Any CPU.Build.0 = Release|Any CPU
		{00B1A40F-81E1-4C84-8345-5425B0C3FD5F}.Debug|Any CPU.ActiveCfg = Debug|Any CPU
		{00B1A40F-81E1-4C84-8345-5425B0C3FD5F}.Debug|Any CPU.Build.0 = Debug|Any CPU
		{00B1A40F-81E1-4C84-8345-5425B0C3FD5F}.Release|Any CPU.ActiveCfg = Release|Any CPU
		{00B1A40F-81E1-4C84-8345-5425B0C3FD5F}.Release|Any CPU.Build.0 = Release|Any CPU
		{4A3B37A6-A492-4381-BFDA-4B456CE58A5A}.Debug|Any CPU.ActiveCfg = Debug|Any CPU
		{4A3B37A6-A492-4381-BFDA-4B456CE58A5A}.Debug|Any CPU.Build.0 = Debug|Any CPU
		{4A3B37A6-A492-4381-BFDA-4B456CE58A5A}.Release|Any CPU.ActiveCfg = Release|Any CPU
		{4A3B37A6-A492-4381-BFDA-4B456CE58A5A}.Release|Any CPU.Build.0 = Release|Any CPU
	EndGlobalSection
	GlobalSection(SolutionProperties) = preSolution
		HideSolutionNode = FALSE
	EndGlobalSection
EndGlobal
